// !$*UTF8*$!
{
	archiveVersion = 1;
	classes = {
	};
	objectVersion = 55;
	objects = {

/* Begin PBXBuildFile section */
		90C766212746E6F800849C7D /* ProfileView.swift in Sources */ = {isa = PBXBuildFile; fileRef = 90C766202746E6F800849C7D /* ProfileView.swift */; };
		90C766232746EBD900849C7D /* OwnTopicListView.swift in Sources */ = {isa = PBXBuildFile; fileRef = 90C766222746EBD900849C7D /* OwnTopicListView.swift */; };
		90C766252746EC0800849C7D /* AnswerTopicListView.swift in Sources */ = {isa = PBXBuildFile; fileRef = 90C766242746EC0800849C7D /* AnswerTopicListView.swift */; };
		90C766272746ED2600849C7D /* TabBarButton.swift in Sources */ = {isa = PBXBuildFile; fileRef = 90C766262746ED2600849C7D /* TabBarButton.swift */; };
		90C766292746ED7800849C7D /* CustomTopTabBar.swift in Sources */ = {isa = PBXBuildFile; fileRef = 90C766282746ED7800849C7D /* CustomTopTabBar.swift */; };
		90C7662B2746EDF000849C7D /* EdgeBorder.swift in Sources */ = {isa = PBXBuildFile; fileRef = 90C7662A2746EDF000849C7D /* EdgeBorder.swift */; };
		90C7662D2746FB3D00849C7D /* NavigationBarHidden.swift in Sources */ = {isa = PBXBuildFile; fileRef = 90C7662C2746FB3C00849C7D /* NavigationBarHidden.swift */; };
		90D381102740571400EDB04C /* FirebaseAuth in Frameworks */ = {isa = PBXBuildFile; productRef = 90D3810F2740571400EDB04C /* FirebaseAuth */; };
		90D381122740571400EDB04C /* FirebaseDatabase in Frameworks */ = {isa = PBXBuildFile; productRef = 90D381112740571400EDB04C /* FirebaseDatabase */; };
		90D381142740571400EDB04C /* FirebaseFirestore in Frameworks */ = {isa = PBXBuildFile; productRef = 90D381132740571400EDB04C /* FirebaseFirestore */; };
		90D381162740571400EDB04C /* FirebaseFirestoreSwift-Beta in Frameworks */ = {isa = PBXBuildFile; productRef = 90D381152740571400EDB04C /* FirebaseFirestoreSwift-Beta */; };
		90D381182740571400EDB04C /* FirebaseStorage in Frameworks */ = {isa = PBXBuildFile; productRef = 90D381172740571400EDB04C /* FirebaseStorage */; };
		90D3811A2740571400EDB04C /* FirebaseStorageSwift-Beta in Frameworks */ = {isa = PBXBuildFile; productRef = 90D381192740571400EDB04C /* FirebaseStorageSwift-Beta */; };
		90D3811D27405E9600EDB04C /* Kingfisher in Frameworks */ = {isa = PBXBuildFile; productRef = 90D3811C27405E9600EDB04C /* Kingfisher */; };
		90D6EB2427480E1000CD12A2 /* ImageUploader.swift in Sources */ = {isa = PBXBuildFile; fileRef = 90D6EB2327480E1000CD12A2 /* ImageUploader.swift */; };
		90D6EB2627480E8F00CD12A2 /* ProfileViewModel.swift in Sources */ = {isa = PBXBuildFile; fileRef = 90D6EB2527480E8F00CD12A2 /* ProfileViewModel.swift */; };
		90D6EB282748103900CD12A2 /* ImagePicker.swift in Sources */ = {isa = PBXBuildFile; fileRef = 90D6EB272748103900CD12A2 /* ImagePicker.swift */; };
		90D6EB2D27481C9800CD12A2 /* UploadTopicViewModel.swift in Sources */ = {isa = PBXBuildFile; fileRef = 90D6EB2C27481C9800CD12A2 /* UploadTopicViewModel.swift */; };
		90D6EB312748245A00CD12A2 /* UploadTopicView.swift in Sources */ = {isa = PBXBuildFile; fileRef = 90D6EB302748245A00CD12A2 /* UploadTopicView.swift */; };
		90D6EB332748247000CD12A2 /* SelectTopicTypeView.swift in Sources */ = {isa = PBXBuildFile; fileRef = 90D6EB322748246F00CD12A2 /* SelectTopicTypeView.swift */; };
		90D6EB3527483A0E00CD12A2 /* SelectTagView.swift in Sources */ = {isa = PBXBuildFile; fileRef = 90D6EB3427483A0E00CD12A2 /* SelectTagView.swift */; };
		90D6EB3827483DDE00CD12A2 /* Topic.swift in Sources */ = {isa = PBXBuildFile; fileRef = 90D6EB3727483DDE00CD12A2 /* Topic.swift */; };
		90D6EB3B2748480700CD12A2 /* FeedViewModel.swift in Sources */ = {isa = PBXBuildFile; fileRef = 90D6EB3A2748480600CD12A2 /* FeedViewModel.swift */; };
		90D6EB3D274848AA00CD12A2 /* FeedCell.swift in Sources */ = {isa = PBXBuildFile; fileRef = 90D6EB3C274848AA00CD12A2 /* FeedCell.swift */; };
		90D6EB3F2748496F00CD12A2 /* FeedCellViewModel.swift in Sources */ = {isa = PBXBuildFile; fileRef = 90D6EB3E2748496F00CD12A2 /* FeedCellViewModel.swift */; };
		90D6EB422748FE8800CD12A2 /* TopicView.swift in Sources */ = {isa = PBXBuildFile; fileRef = 90D6EB412748FE8800CD12A2 /* TopicView.swift */; };
		90D6EB442748FED800CD12A2 /* TopicCell.swift in Sources */ = {isa = PBXBuildFile; fileRef = 90D6EB432748FED800CD12A2 /* TopicCell.swift */; };
		90D6EB462749113B00CD12A2 /* CommentCell.swift in Sources */ = {isa = PBXBuildFile; fileRef = 90D6EB452749113A00CD12A2 /* CommentCell.swift */; };
		90D6EB492749123D00CD12A2 /* CommentsViewModel.swift in Sources */ = {isa = PBXBuildFile; fileRef = 90D6EB482749123D00CD12A2 /* CommentsViewModel.swift */; };
		90D6EB4B2749125300CD12A2 /* ReplyCommentViewModel.swift in Sources */ = {isa = PBXBuildFile; fileRef = 90D6EB4A2749125300CD12A2 /* ReplyCommentViewModel.swift */; };
		90D6EB4F2749135A00CD12A2 /* Comment.swift in Sources */ = {isa = PBXBuildFile; fileRef = 90D6EB4E2749135A00CD12A2 /* Comment.swift */; };
		90D6EB51274919B300CD12A2 /* ReplyComment.swift in Sources */ = {isa = PBXBuildFile; fileRef = 90D6EB50274919B300CD12A2 /* ReplyComment.swift */; };
		90D6EB5427491CCF00CD12A2 /* CommentView.swift in Sources */ = {isa = PBXBuildFile; fileRef = 90D6EB5327491CCF00CD12A2 /* CommentView.swift */; };
		90D6EB5627491DC500CD12A2 /* CommentCellViewModel.swift in Sources */ = {isa = PBXBuildFile; fileRef = 90D6EB5527491DC500CD12A2 /* CommentCellViewModel.swift */; };
		90D6EB5827491F3600CD12A2 /* ReplyCellViewModel.swift in Sources */ = {isa = PBXBuildFile; fileRef = 90D6EB5727491F3600CD12A2 /* ReplyCellViewModel.swift */; };
		90D6EB5A274921CB00CD12A2 /* CommentInputView.swift in Sources */ = {isa = PBXBuildFile; fileRef = 90D6EB59274921CB00CD12A2 /* CommentInputView.swift */; };
		90D6EB5C27496B0E00CD12A2 /* ReplyInputView.swift in Sources */ = {isa = PBXBuildFile; fileRef = 90D6EB5B27496B0E00CD12A2 /* ReplyInputView.swift */; };
		90D6EB5E2749713800CD12A2 /* ReplyCommentCell.swift in Sources */ = {isa = PBXBuildFile; fileRef = 90D6EB5D2749713700CD12A2 /* ReplyCommentCell.swift */; };
		90D6EB602749745400CD12A2 /* ReplyCommentView.swift in Sources */ = {isa = PBXBuildFile; fileRef = 90D6EB5F2749745400CD12A2 /* ReplyCommentView.swift */; };
		90D6EB622749884800CD12A2 /* UploadMessageView.swift in Sources */ = {isa = PBXBuildFile; fileRef = 90D6EB612749884800CD12A2 /* UploadMessageView.swift */; };
		90D6EB6527498A8600CD12A2 /* MessagesViewModel.swift in Sources */ = {isa = PBXBuildFile; fileRef = 90D6EB6427498A8500CD12A2 /* MessagesViewModel.swift */; };
		90D6EB6727498A9B00CD12A2 /* Message.swift in Sources */ = {isa = PBXBuildFile; fileRef = 90D6EB6627498A9B00CD12A2 /* Message.swift */; };
		90D6EB6B274995B100CD12A2 /* MessageChatView.swift in Sources */ = {isa = PBXBuildFile; fileRef = 90D6EB6A274995B100CD12A2 /* MessageChatView.swift */; };
		90D6EB6D274995E900CD12A2 /* MessageRowView.swift in Sources */ = {isa = PBXBuildFile; fileRef = 90D6EB6C274995E900CD12A2 /* MessageRowView.swift */; };
		90D6EB702749965100CD12A2 /* MessageBubble.swift in Sources */ = {isa = PBXBuildFile; fileRef = 90D6EB6F2749965100CD12A2 /* MessageBubble.swift */; };
		90D6EB722749983100CD12A2 /* MessageInputView.swift in Sources */ = {isa = PBXBuildFile; fileRef = 90D6EB712749983100CD12A2 /* MessageInputView.swift */; };
		90D6EB742749A01900CD12A2 /* ProfileButtonView.swift in Sources */ = {isa = PBXBuildFile; fileRef = 90D6EB732749A01900CD12A2 /* ProfileButtonView.swift */; };
		90D6EB782749B6A800CD12A2 /* Notification.swift in Sources */ = {isa = PBXBuildFile; fileRef = 90D6EB772749B6A800CD12A2 /* Notification.swift */; };
		90D6EB7B2749B7B200CD12A2 /* NotificationsViewModel.swift in Sources */ = {isa = PBXBuildFile; fileRef = 90D6EB7A2749B7B200CD12A2 /* NotificationsViewModel.swift */; };
		90D6EB7D2749B7C400CD12A2 /* NotificationsCellViewModel.swift in Sources */ = {isa = PBXBuildFile; fileRef = 90D6EB7C2749B7C400CD12A2 /* NotificationsCellViewModel.swift */; };
		90D6EB80274A49E900CD12A2 /* SearchViewModel.swift in Sources */ = {isa = PBXBuildFile; fileRef = 90D6EB7F274A49E900CD12A2 /* SearchViewModel.swift */; };
		90D6EB83274A4A8C00CD12A2 /* SearchView.swift in Sources */ = {isa = PBXBuildFile; fileRef = 90D6EB82274A4A8C00CD12A2 /* SearchView.swift */; };
		90D6EB85274A4B4E00CD12A2 /* TopicListView.swift in Sources */ = {isa = PBXBuildFile; fileRef = 90D6EB84274A4B4E00CD12A2 /* TopicListView.swift */; };
		90D6EB87274A4B5A00CD12A2 /* TopicListCell.swift in Sources */ = {isa = PBXBuildFile; fileRef = 90D6EB86274A4B5A00CD12A2 /* TopicListCell.swift */; };
		90D6EB89274A737800CD12A2 /* UserMessageViewModel.swift in Sources */ = {isa = PBXBuildFile; fileRef = 90D6EB88274A737800CD12A2 /* UserMessageViewModel.swift */; };
		90D6EB8B274A88A500CD12A2 /* CountCommentViewModel.swift in Sources */ = {isa = PBXBuildFile; fileRef = 90D6EB8A274A88A500CD12A2 /* CountCommentViewModel.swift */; };
		90D6EB8D274A8BA700CD12A2 /* Tag.swift in Sources */ = {isa = PBXBuildFile; fileRef = 90D6EB8C274A8BA700CD12A2 /* Tag.swift */; };
		90D6EB90274A8BE000CD12A2 /* TagViewModel.swift in Sources */ = {isa = PBXBuildFile; fileRef = 90D6EB8F274A8BE000CD12A2 /* TagViewModel.swift */; };
		90D6EB92274AE21100CD12A2 /* CommentInputBox.swift in Sources */ = {isa = PBXBuildFile; fileRef = 90D6EB91274AE21000CD12A2 /* CommentInputBox.swift */; };
		90DDE8002742D7E20026FD75 /* SigninView.swift in Sources */ = {isa = PBXBuildFile; fileRef = 90DDE7FF2742D7E20026FD75 /* SigninView.swift */; };
		90DDE8022742D7F80026FD75 /* RegisterView.swift in Sources */ = {isa = PBXBuildFile; fileRef = 90DDE8012742D7F80026FD75 /* RegisterView.swift */; };
		90DDE8042742D8450026FD75 /* ForgotPasswordView.swift in Sources */ = {isa = PBXBuildFile; fileRef = 90DDE8032742D8450026FD75 /* ForgotPasswordView.swift */; };
		90DDE8062742DAD90026FD75 /* CustomTextField.swift in Sources */ = {isa = PBXBuildFile; fileRef = 90DDE8052742DAD90026FD75 /* CustomTextField.swift */; };
		90DDE8082742DB2D0026FD75 /* CustomSecureField.swift in Sources */ = {isa = PBXBuildFile; fileRef = 90DDE8072742DB2D0026FD75 /* CustomSecureField.swift */; };
		90DDE80A2742E1EE0026FD75 /* NavigationBarModifier.swift in Sources */ = {isa = PBXBuildFile; fileRef = 90DDE8092742E1EE0026FD75 /* NavigationBarModifier.swift */; };
		90DDE80D2742E5670026FD75 /* AuthViewModel.swift in Sources */ = {isa = PBXBuildFile; fileRef = 90DDE80C2742E5670026FD75 /* AuthViewModel.swift */; };
		90DDE8102742E6070026FD75 /* User.swift in Sources */ = {isa = PBXBuildFile; fileRef = 90DDE80F2742E6070026FD75 /* User.swift */; };
		90DDE8122742F2C10026FD75 /* GoogleService-Info.plist in Resources */ = {isa = PBXBuildFile; fileRef = 90DDE8112742F2C10026FD75 /* GoogleService-Info.plist */; };
		90E0C4E8273C6466006275E0 /* Pantip_CloneApp.swift in Sources */ = {isa = PBXBuildFile; fileRef = 90E0C4E7273C6466006275E0 /* Pantip_CloneApp.swift */; };
		90E0C4EA273C6466006275E0 /* ContentView.swift in Sources */ = {isa = PBXBuildFile; fileRef = 90E0C4E9273C6466006275E0 /* ContentView.swift */; };
		90E0C4EC273C6467006275E0 /* Assets.xcassets in Resources */ = {isa = PBXBuildFile; fileRef = 90E0C4EB273C6467006275E0 /* Assets.xcassets */; };
		90E0C4EF273C6467006275E0 /* Preview Assets.xcassets in Resources */ = {isa = PBXBuildFile; fileRef = 90E0C4EE273C6467006275E0 /* Preview Assets.xcassets */; };
		90E0C4F8273C64BF006275E0 /* MainView.swift in Sources */ = {isa = PBXBuildFile; fileRef = 90E0C4F7273C64BF006275E0 /* MainView.swift */; };
		90E0C4FB273C665C006275E0 /* FeedView.swift in Sources */ = {isa = PBXBuildFile; fileRef = 90E0C4FA273C665C006275E0 /* FeedView.swift */; };
		90E0C4FE273C66AC006275E0 /* TagView.swift in Sources */ = {isa = PBXBuildFile; fileRef = 90E0C4FD273C66AC006275E0 /* TagView.swift */; };
		90E0C501273C66CF006275E0 /* NotificationView.swift in Sources */ = {isa = PBXBuildFile; fileRef = 90E0C500273C66CF006275E0 /* NotificationView.swift */; };
		90E0C504273C678E006275E0 /* MessagesView.swift in Sources */ = {isa = PBXBuildFile; fileRef = 90E0C503273C678E006275E0 /* MessagesView.swift */; };
		90E0C507273C67FE006275E0 /* MenuView.swift in Sources */ = {isa = PBXBuildFile; fileRef = 90E0C506273C67FE006275E0 /* MenuView.swift */; };
		90E0C50C273C71FD006275E0 /* HeaderView.swift in Sources */ = {isa = PBXBuildFile; fileRef = 90E0C50B273C71FD006275E0 /* HeaderView.swift */; };
		90E0C50F273ECCFA006275E0 /* Extensions.swift in Sources */ = {isa = PBXBuildFile; fileRef = 90E0C50E273ECCFA006275E0 /* Extensions.swift */; };
		90E0C515273ED6CA006275E0 /* NotificationCell.swift in Sources */ = {isa = PBXBuildFile; fileRef = 90E0C514273ED6CA006275E0 /* NotificationCell.swift */; };
		90E0C517273ED8A6006275E0 /* MessageCell.swift in Sources */ = {isa = PBXBuildFile; fileRef = 90E0C516273ED8A6006275E0 /* MessageCell.swift */; };
/* End PBXBuildFile section */

/* Begin PBXFileReference section */
		90C766202746E6F800849C7D /* ProfileView.swift */ = {isa = PBXFileReference; lastKnownFileType = sourcecode.swift; path = ProfileView.swift; sourceTree = "<group>"; };
		90C766222746EBD900849C7D /* OwnTopicListView.swift */ = {isa = PBXFileReference; lastKnownFileType = sourcecode.swift; path = OwnTopicListView.swift; sourceTree = "<group>"; };
		90C766242746EC0800849C7D /* AnswerTopicListView.swift */ = {isa = PBXFileReference; lastKnownFileType = sourcecode.swift; path = AnswerTopicListView.swift; sourceTree = "<group>"; };
		90C766262746ED2600849C7D /* TabBarButton.swift */ = {isa = PBXFileReference; lastKnownFileType = sourcecode.swift; path = TabBarButton.swift; sourceTree = "<group>"; };
		90C766282746ED7800849C7D /* CustomTopTabBar.swift */ = {isa = PBXFileReference; lastKnownFileType = sourcecode.swift; path = CustomTopTabBar.swift; sourceTree = "<group>"; };
		90C7662A2746EDF000849C7D /* EdgeBorder.swift */ = {isa = PBXFileReference; lastKnownFileType = sourcecode.swift; path = EdgeBorder.swift; sourceTree = "<group>"; };
		90C7662C2746FB3C00849C7D /* NavigationBarHidden.swift */ = {isa = PBXFileReference; lastKnownFileType = sourcecode.swift; path = NavigationBarHidden.swift; sourceTree = "<group>"; };
		90D6EB2327480E1000CD12A2 /* ImageUploader.swift */ = {isa = PBXFileReference; lastKnownFileType = sourcecode.swift; path = ImageUploader.swift; sourceTree = "<group>"; };
		90D6EB2527480E8F00CD12A2 /* ProfileViewModel.swift */ = {isa = PBXFileReference; lastKnownFileType = sourcecode.swift; path = ProfileViewModel.swift; sourceTree = "<group>"; };
		90D6EB272748103900CD12A2 /* ImagePicker.swift */ = {isa = PBXFileReference; lastKnownFileType = sourcecode.swift; path = ImagePicker.swift; sourceTree = "<group>"; };
		90D6EB2C27481C9800CD12A2 /* UploadTopicViewModel.swift */ = {isa = PBXFileReference; lastKnownFileType = sourcecode.swift; path = UploadTopicViewModel.swift; sourceTree = "<group>"; };
		90D6EB302748245A00CD12A2 /* UploadTopicView.swift */ = {isa = PBXFileReference; lastKnownFileType = sourcecode.swift; path = UploadTopicView.swift; sourceTree = "<group>"; };
		90D6EB322748246F00CD12A2 /* SelectTopicTypeView.swift */ = {isa = PBXFileReference; lastKnownFileType = sourcecode.swift; path = SelectTopicTypeView.swift; sourceTree = "<group>"; };
		90D6EB3427483A0E00CD12A2 /* SelectTagView.swift */ = {isa = PBXFileReference; lastKnownFileType = sourcecode.swift; path = SelectTagView.swift; sourceTree = "<group>"; };
		90D6EB3727483DDE00CD12A2 /* Topic.swift */ = {isa = PBXFileReference; lastKnownFileType = sourcecode.swift; path = Topic.swift; sourceTree = "<group>"; };
		90D6EB3A2748480600CD12A2 /* FeedViewModel.swift */ = {isa = PBXFileReference; lastKnownFileType = sourcecode.swift; path = FeedViewModel.swift; sourceTree = "<group>"; };
		90D6EB3C274848AA00CD12A2 /* FeedCell.swift */ = {isa = PBXFileReference; lastKnownFileType = sourcecode.swift; path = FeedCell.swift; sourceTree = "<group>"; };
		90D6EB3E2748496F00CD12A2 /* FeedCellViewModel.swift */ = {isa = PBXFileReference; lastKnownFileType = sourcecode.swift; path = FeedCellViewModel.swift; sourceTree = "<group>"; };
		90D6EB412748FE8800CD12A2 /* TopicView.swift */ = {isa = PBXFileReference; lastKnownFileType = sourcecode.swift; path = TopicView.swift; sourceTree = "<group>"; };
		90D6EB432748FED800CD12A2 /* TopicCell.swift */ = {isa = PBXFileReference; lastKnownFileType = sourcecode.swift; path = TopicCell.swift; sourceTree = "<group>"; };
		90D6EB452749113A00CD12A2 /* CommentCell.swift */ = {isa = PBXFileReference; lastKnownFileType = sourcecode.swift; path = CommentCell.swift; sourceTree = "<group>"; };
		90D6EB482749123D00CD12A2 /* CommentsViewModel.swift */ = {isa = PBXFileReference; lastKnownFileType = sourcecode.swift; path = CommentsViewModel.swift; sourceTree = "<group>"; };
		90D6EB4A2749125300CD12A2 /* ReplyCommentViewModel.swift */ = {isa = PBXFileReference; lastKnownFileType = sourcecode.swift; path = ReplyCommentViewModel.swift; sourceTree = "<group>"; };
		90D6EB4E2749135A00CD12A2 /* Comment.swift */ = {isa = PBXFileReference; lastKnownFileType = sourcecode.swift; path = Comment.swift; sourceTree = "<group>"; };
		90D6EB50274919B300CD12A2 /* ReplyComment.swift */ = {isa = PBXFileReference; lastKnownFileType = sourcecode.swift; path = ReplyComment.swift; sourceTree = "<group>"; };
		90D6EB5327491CCF00CD12A2 /* CommentView.swift */ = {isa = PBXFileReference; lastKnownFileType = sourcecode.swift; path = CommentView.swift; sourceTree = "<group>"; };
		90D6EB5527491DC500CD12A2 /* CommentCellViewModel.swift */ = {isa = PBXFileReference; lastKnownFileType = sourcecode.swift; path = CommentCellViewModel.swift; sourceTree = "<group>"; };
		90D6EB5727491F3600CD12A2 /* ReplyCellViewModel.swift */ = {isa = PBXFileReference; lastKnownFileType = sourcecode.swift; path = ReplyCellViewModel.swift; sourceTree = "<group>"; };
		90D6EB59274921CB00CD12A2 /* CommentInputView.swift */ = {isa = PBXFileReference; lastKnownFileType = sourcecode.swift; path = CommentInputView.swift; sourceTree = "<group>"; };
		90D6EB5B27496B0E00CD12A2 /* ReplyInputView.swift */ = {isa = PBXFileReference; lastKnownFileType = sourcecode.swift; path = ReplyInputView.swift; sourceTree = "<group>"; };
		90D6EB5D2749713700CD12A2 /* ReplyCommentCell.swift */ = {isa = PBXFileReference; lastKnownFileType = sourcecode.swift; path = ReplyCommentCell.swift; sourceTree = "<group>"; };
		90D6EB5F2749745400CD12A2 /* ReplyCommentView.swift */ = {isa = PBXFileReference; lastKnownFileType = sourcecode.swift; path = ReplyCommentView.swift; sourceTree = "<group>"; };
		90D6EB612749884800CD12A2 /* UploadMessageView.swift */ = {isa = PBXFileReference; lastKnownFileType = sourcecode.swift; path = UploadMessageView.swift; sourceTree = "<group>"; };
		90D6EB6427498A8500CD12A2 /* MessagesViewModel.swift */ = {isa = PBXFileReference; lastKnownFileType = sourcecode.swift; path = MessagesViewModel.swift; sourceTree = "<group>"; };
		90D6EB6627498A9B00CD12A2 /* Message.swift */ = {isa = PBXFileReference; lastKnownFileType = sourcecode.swift; path = Message.swift; sourceTree = "<group>"; };
		90D6EB6A274995B100CD12A2 /* MessageChatView.swift */ = {isa = PBXFileReference; lastKnownFileType = sourcecode.swift; path = MessageChatView.swift; sourceTree = "<group>"; };
		90D6EB6C274995E900CD12A2 /* MessageRowView.swift */ = {isa = PBXFileReference; lastKnownFileType = sourcecode.swift; path = MessageRowView.swift; sourceTree = "<group>"; };
		90D6EB6F2749965100CD12A2 /* MessageBubble.swift */ = {isa = PBXFileReference; lastKnownFileType = sourcecode.swift; path = MessageBubble.swift; sourceTree = "<group>"; };
		90D6EB712749983100CD12A2 /* MessageInputView.swift */ = {isa = PBXFileReference; lastKnownFileType = sourcecode.swift; path = MessageInputView.swift; sourceTree = "<group>"; };
		90D6EB732749A01900CD12A2 /* ProfileButtonView.swift */ = {isa = PBXFileReference; lastKnownFileType = sourcecode.swift; path = ProfileButtonView.swift; sourceTree = "<group>"; };
		90D6EB772749B6A800CD12A2 /* Notification.swift */ = {isa = PBXFileReference; lastKnownFileType = sourcecode.swift; path = Notification.swift; sourceTree = "<group>"; };
		90D6EB7A2749B7B200CD12A2 /* NotificationsViewModel.swift */ = {isa = PBXFileReference; lastKnownFileType = sourcecode.swift; path = NotificationsViewModel.swift; sourceTree = "<group>"; };
		90D6EB7C2749B7C400CD12A2 /* NotificationsCellViewModel.swift */ = {isa = PBXFileReference; lastKnownFileType = sourcecode.swift; path = NotificationsCellViewModel.swift; sourceTree = "<group>"; };
		90D6EB7F274A49E900CD12A2 /* SearchViewModel.swift */ = {isa = PBXFileReference; lastKnownFileType = sourcecode.swift; path = SearchViewModel.swift; sourceTree = "<group>"; };
		90D6EB82274A4A8C00CD12A2 /* SearchView.swift */ = {isa = PBXFileReference; lastKnownFileType = sourcecode.swift; path = SearchView.swift; sourceTree = "<group>"; };
		90D6EB84274A4B4E00CD12A2 /* TopicListView.swift */ = {isa = PBXFileReference; lastKnownFileType = sourcecode.swift; path = TopicListView.swift; sourceTree = "<group>"; };
		90D6EB86274A4B5A00CD12A2 /* TopicListCell.swift */ = {isa = PBXFileReference; lastKnownFileType = sourcecode.swift; path = TopicListCell.swift; sourceTree = "<group>"; };
		90D6EB88274A737800CD12A2 /* UserMessageViewModel.swift */ = {isa = PBXFileReference; lastKnownFileType = sourcecode.swift; path = UserMessageViewModel.swift; sourceTree = "<group>"; };
		90D6EB8A274A88A500CD12A2 /* CountCommentViewModel.swift */ = {isa = PBXFileReference; lastKnownFileType = sourcecode.swift; path = CountCommentViewModel.swift; sourceTree = "<group>"; };
		90D6EB8C274A8BA700CD12A2 /* Tag.swift */ = {isa = PBXFileReference; lastKnownFileType = sourcecode.swift; path = Tag.swift; sourceTree = "<group>"; };
		90D6EB8F274A8BE000CD12A2 /* TagViewModel.swift */ = {isa = PBXFileReference; lastKnownFileType = sourcecode.swift; path = TagViewModel.swift; sourceTree = "<group>"; };
		90D6EB91274AE21000CD12A2 /* CommentInputBox.swift */ = {isa = PBXFileReference; lastKnownFileType = sourcecode.swift; path = CommentInputBox.swift; sourceTree = "<group>"; };
		90DDE7FF2742D7E20026FD75 /* SigninView.swift */ = {isa = PBXFileReference; lastKnownFileType = sourcecode.swift; path = SigninView.swift; sourceTree = "<group>"; };
		90DDE8012742D7F80026FD75 /* RegisterView.swift */ = {isa = PBXFileReference; lastKnownFileType = sourcecode.swift; path = RegisterView.swift; sourceTree = "<group>"; };
		90DDE8032742D8450026FD75 /* ForgotPasswordView.swift */ = {isa = PBXFileReference; lastKnownFileType = sourcecode.swift; path = ForgotPasswordView.swift; sourceTree = "<group>"; };
		90DDE8052742DAD90026FD75 /* CustomTextField.swift */ = {isa = PBXFileReference; lastKnownFileType = sourcecode.swift; path = CustomTextField.swift; sourceTree = "<group>"; };
		90DDE8072742DB2D0026FD75 /* CustomSecureField.swift */ = {isa = PBXFileReference; lastKnownFileType = sourcecode.swift; path = CustomSecureField.swift; sourceTree = "<group>"; };
		90DDE8092742E1EE0026FD75 /* NavigationBarModifier.swift */ = {isa = PBXFileReference; lastKnownFileType = sourcecode.swift; path = NavigationBarModifier.swift; sourceTree = "<group>"; };
		90DDE80C2742E5670026FD75 /* AuthViewModel.swift */ = {isa = PBXFileReference; lastKnownFileType = sourcecode.swift; path = AuthViewModel.swift; sourceTree = "<group>"; };
		90DDE80F2742E6070026FD75 /* User.swift */ = {isa = PBXFileReference; lastKnownFileType = sourcecode.swift; path = User.swift; sourceTree = "<group>"; };
		90DDE8112742F2C10026FD75 /* GoogleService-Info.plist */ = {isa = PBXFileReference; fileEncoding = 4; lastKnownFileType = text.plist.xml; path = "GoogleService-Info.plist"; sourceTree = "<group>"; };
		90E0C4E4273C6466006275E0 /* Pantip-Clone.app */ = {isa = PBXFileReference; explicitFileType = wrapper.application; includeInIndex = 0; path = "Pantip-Clone.app"; sourceTree = BUILT_PRODUCTS_DIR; };
		90E0C4E7273C6466006275E0 /* Pantip_CloneApp.swift */ = {isa = PBXFileReference; lastKnownFileType = sourcecode.swift; path = Pantip_CloneApp.swift; sourceTree = "<group>"; };
		90E0C4E9273C6466006275E0 /* ContentView.swift */ = {isa = PBXFileReference; lastKnownFileType = sourcecode.swift; path = ContentView.swift; sourceTree = "<group>"; };
		90E0C4EB273C6467006275E0 /* Assets.xcassets */ = {isa = PBXFileReference; lastKnownFileType = folder.assetcatalog; path = Assets.xcassets; sourceTree = "<group>"; };
		90E0C4EE273C6467006275E0 /* Preview Assets.xcassets */ = {isa = PBXFileReference; lastKnownFileType = folder.assetcatalog; path = "Preview Assets.xcassets"; sourceTree = "<group>"; };
		90E0C4F7273C64BF006275E0 /* MainView.swift */ = {isa = PBXFileReference; lastKnownFileType = sourcecode.swift; path = MainView.swift; sourceTree = "<group>"; usesTabs = 0; };
		90E0C4FA273C665C006275E0 /* FeedView.swift */ = {isa = PBXFileReference; lastKnownFileType = sourcecode.swift; path = FeedView.swift; sourceTree = "<group>"; };
		90E0C4FD273C66AC006275E0 /* TagView.swift */ = {isa = PBXFileReference; lastKnownFileType = sourcecode.swift; path = TagView.swift; sourceTree = "<group>"; };
		90E0C500273C66CF006275E0 /* NotificationView.swift */ = {isa = PBXFileReference; lastKnownFileType = sourcecode.swift; path = NotificationView.swift; sourceTree = "<group>"; };
		90E0C503273C678E006275E0 /* MessagesView.swift */ = {isa = PBXFileReference; lastKnownFileType = sourcecode.swift; path = MessagesView.swift; sourceTree = "<group>"; };
		90E0C506273C67FE006275E0 /* MenuView.swift */ = {isa = PBXFileReference; lastKnownFileType = sourcecode.swift; path = MenuView.swift; sourceTree = "<group>"; };
		90E0C50B273C71FD006275E0 /* HeaderView.swift */ = {isa = PBXFileReference; lastKnownFileType = sourcecode.swift; path = HeaderView.swift; sourceTree = "<group>"; };
		90E0C50E273ECCFA006275E0 /* Extensions.swift */ = {isa = PBXFileReference; lastKnownFileType = sourcecode.swift; path = Extensions.swift; sourceTree = "<group>"; };
		90E0C514273ED6CA006275E0 /* NotificationCell.swift */ = {isa = PBXFileReference; lastKnownFileType = sourcecode.swift; path = NotificationCell.swift; sourceTree = "<group>"; };
		90E0C516273ED8A6006275E0 /* MessageCell.swift */ = {isa = PBXFileReference; lastKnownFileType = sourcecode.swift; path = MessageCell.swift; sourceTree = "<group>"; };
/* End PBXFileReference section */

/* Begin PBXFrameworksBuildPhase section */
		90E0C4E1273C6466006275E0 /* Frameworks */ = {
			isa = PBXFrameworksBuildPhase;
			buildActionMask = 2147483647;
			files = (
				90D381122740571400EDB04C /* FirebaseDatabase in Frameworks */,
				90D381162740571400EDB04C /* FirebaseFirestoreSwift-Beta in Frameworks */,
				90D3811D27405E9600EDB04C /* Kingfisher in Frameworks */,
				90D381102740571400EDB04C /* FirebaseAuth in Frameworks */,
				90D381182740571400EDB04C /* FirebaseStorage in Frameworks */,
				90D381142740571400EDB04C /* FirebaseFirestore in Frameworks */,
				90D3811A2740571400EDB04C /* FirebaseStorageSwift-Beta in Frameworks */,
			);
			runOnlyForDeploymentPostprocessing = 0;
		};
/* End PBXFrameworksBuildPhase section */

/* Begin PBXGroup section */
		90C7661F2746E6E500849C7D /* Profile */ = {
			isa = PBXGroup;
			children = (
				90C766202746E6F800849C7D /* ProfileView.swift */,
				90C766222746EBD900849C7D /* OwnTopicListView.swift */,
				90C766242746EC0800849C7D /* AnswerTopicListView.swift */,
				90D6EB732749A01900CD12A2 /* ProfileButtonView.swift */,
			);
			path = Profile;
			sourceTree = "<group>";
		};
		90D6EB2927481C5800CD12A2 /* Authentication */ = {
			isa = PBXGroup;
			children = (
				90DDE80C2742E5670026FD75 /* AuthViewModel.swift */,
			);
			path = Authentication;
			sourceTree = "<group>";
		};
		90D6EB2A27481C7000CD12A2 /* Profile */ = {
			isa = PBXGroup;
			children = (
				90D6EB2527480E8F00CD12A2 /* ProfileViewModel.swift */,
			);
			path = Profile;
			sourceTree = "<group>";
		};
		90D6EB2B27481C7B00CD12A2 /* Upload */ = {
			isa = PBXGroup;
			children = (
				90D6EB2C27481C9800CD12A2 /* UploadTopicViewModel.swift */,
			);
			path = Upload;
			sourceTree = "<group>";
		};
		90D6EB2E27481D0B00CD12A2 /* API */ = {
			isa = PBXGroup;
			children = (
				90D6EB2327480E1000CD12A2 /* ImageUploader.swift */,
			);
			path = API;
			sourceTree = "<group>";
		};
		90D6EB2F2748244500CD12A2 /* UploadTopic */ = {
			isa = PBXGroup;
			children = (
				90D6EB302748245A00CD12A2 /* UploadTopicView.swift */,
				90D6EB322748246F00CD12A2 /* SelectTopicTypeView.swift */,
				90D6EB3427483A0E00CD12A2 /* SelectTagView.swift */,
			);
			path = UploadTopic;
			sourceTree = "<group>";
		};
		90D6EB39274847EF00CD12A2 /* Feed */ = {
			isa = PBXGroup;
			children = (
				90D6EB3A2748480600CD12A2 /* FeedViewModel.swift */,
				90D6EB3E2748496F00CD12A2 /* FeedCellViewModel.swift */,
			);
			path = Feed;
			sourceTree = "<group>";
		};
		90D6EB402748FE7300CD12A2 /* Topic */ = {
			isa = PBXGroup;
			children = (
				90D6EB412748FE8800CD12A2 /* TopicView.swift */,
				90D6EB432748FED800CD12A2 /* TopicCell.swift */,
				90D6EB84274A4B4E00CD12A2 /* TopicListView.swift */,
				90D6EB86274A4B5A00CD12A2 /* TopicListCell.swift */,
			);
			path = Topic;
			sourceTree = "<group>";
		};
		90D6EB472749121F00CD12A2 /* Comment */ = {
			isa = PBXGroup;
			children = (
				90D6EB482749123D00CD12A2 /* CommentsViewModel.swift */,
				90D6EB4A2749125300CD12A2 /* ReplyCommentViewModel.swift */,
				90D6EB5527491DC500CD12A2 /* CommentCellViewModel.swift */,
				90D6EB5727491F3600CD12A2 /* ReplyCellViewModel.swift */,
				90D6EB8A274A88A500CD12A2 /* CountCommentViewModel.swift */,
			);
			path = Comment;
			sourceTree = "<group>";
		};
		90D6EB5227491C9500CD12A2 /* Comment */ = {
			isa = PBXGroup;
			children = (
				90D6EB91274AE21000CD12A2 /* CommentInputBox.swift */,
				90D6EB452749113A00CD12A2 /* CommentCell.swift */,
				90D6EB5327491CCF00CD12A2 /* CommentView.swift */,
				90D6EB59274921CB00CD12A2 /* CommentInputView.swift */,
				90D6EB5B27496B0E00CD12A2 /* ReplyInputView.swift */,
				90D6EB5D2749713700CD12A2 /* ReplyCommentCell.swift */,
				90D6EB5F2749745400CD12A2 /* ReplyCommentView.swift */,
			);
			path = Comment;
			sourceTree = "<group>";
		};
		90D6EB6327498A1F00CD12A2 /* Message */ = {
			isa = PBXGroup;
			children = (
				90D6EB6427498A8500CD12A2 /* MessagesViewModel.swift */,
				90D6EB88274A737800CD12A2 /* UserMessageViewModel.swift */,
			);
			path = Message;
			sourceTree = "<group>";
		};
		90D6EB6E2749963700CD12A2 /* Item */ = {
			isa = PBXGroup;
			children = (
				90D6EB6F2749965100CD12A2 /* MessageBubble.swift */,
			);
			path = Item;
			sourceTree = "<group>";
		};
		90D6EB792749B79100CD12A2 /* Notification */ = {
			isa = PBXGroup;
			children = (
				90D6EB7A2749B7B200CD12A2 /* NotificationsViewModel.swift */,
				90D6EB7C2749B7C400CD12A2 /* NotificationsCellViewModel.swift */,
			);
			path = Notification;
			sourceTree = "<group>";
		};
		90D6EB7E274A49C700CD12A2 /* Search */ = {
			isa = PBXGroup;
			children = (
				90D6EB7F274A49E900CD12A2 /* SearchViewModel.swift */,
			);
			path = Search;
			sourceTree = "<group>";
		};
		90D6EB81274A4A7100CD12A2 /* Search */ = {
			isa = PBXGroup;
			children = (
				90D6EB82274A4A8C00CD12A2 /* SearchView.swift */,
			);
			path = Search;
			sourceTree = "<group>";
		};
		90D6EB8E274A8BCE00CD12A2 /* Tag */ = {
			isa = PBXGroup;
			children = (
				90D6EB8F274A8BE000CD12A2 /* TagViewModel.swift */,
			);
			path = Tag;
			sourceTree = "<group>";
		};
		90DDE7FE2742D7AF0026FD75 /* Authentication */ = {
			isa = PBXGroup;
			children = (
				90DDE7FF2742D7E20026FD75 /* SigninView.swift */,
				90DDE8012742D7F80026FD75 /* RegisterView.swift */,
				90DDE8032742D8450026FD75 /* ForgotPasswordView.swift */,
			);
			path = Authentication;
			sourceTree = "<group>";
		};
		90DDE80B2742E4FE0026FD75 /* ViewModel */ = {
			isa = PBXGroup;
			children = (
				90D6EB8E274A8BCE00CD12A2 /* Tag */,
				90D6EB7E274A49C700CD12A2 /* Search */,
				90D6EB792749B79100CD12A2 /* Notification */,
				90D6EB6327498A1F00CD12A2 /* Message */,
				90D6EB472749121F00CD12A2 /* Comment */,
				90D6EB39274847EF00CD12A2 /* Feed */,
				90D6EB2B27481C7B00CD12A2 /* Upload */,
				90D6EB2A27481C7000CD12A2 /* Profile */,
				90D6EB2927481C5800CD12A2 /* Authentication */,
			);
			path = ViewModel;
			sourceTree = "<group>";
		};
		90DDE80E2742E5D50026FD75 /* Model */ = {
			isa = PBXGroup;
			children = (
				90DDE80F2742E6070026FD75 /* User.swift */,
				90D6EB3727483DDE00CD12A2 /* Topic.swift */,
				90D6EB4E2749135A00CD12A2 /* Comment.swift */,
				90D6EB50274919B300CD12A2 /* ReplyComment.swift */,
				90D6EB6627498A9B00CD12A2 /* Message.swift */,
				90D6EB772749B6A800CD12A2 /* Notification.swift */,
				90D6EB8C274A8BA700CD12A2 /* Tag.swift */,
			);
			path = Model;
			sourceTree = "<group>";
		};
		90E0C4DB273C6466006275E0 = {
			isa = PBXGroup;
			children = (
				90E0C4E6273C6466006275E0 /* Pantip-Clone */,
				90E0C4E5273C6466006275E0 /* Products */,
			);
			sourceTree = "<group>";
		};
		90E0C4E5273C6466006275E0 /* Products */ = {
			isa = PBXGroup;
			children = (
				90E0C4E4273C6466006275E0 /* Pantip-Clone.app */,
			);
			name = Products;
			sourceTree = "<group>";
		};
		90E0C4E6273C6466006275E0 /* Pantip-Clone */ = {
			isa = PBXGroup;
			children = (
				90D6EB2E27481D0B00CD12A2 /* API */,
				90DDE80E2742E5D50026FD75 /* Model */,
				90DDE80B2742E4FE0026FD75 /* ViewModel */,
				90E0C50D273ECCE3006275E0 /* Utils */,
				90E0C4F5273C6498006275E0 /* View */,
				90E0C4E7273C6466006275E0 /* Pantip_CloneApp.swift */,
				90E0C4E9273C6466006275E0 /* ContentView.swift */,
				90DDE8112742F2C10026FD75 /* GoogleService-Info.plist */,
				90E0C4EB273C6467006275E0 /* Assets.xcassets */,
				90E0C4ED273C6467006275E0 /* Preview Content */,
			);
			path = "Pantip-Clone";
			sourceTree = "<group>";
		};
		90E0C4ED273C6467006275E0 /* Preview Content */ = {
			isa = PBXGroup;
			children = (
				90E0C4EE273C6467006275E0 /* Preview Assets.xcassets */,
			);
			path = "Preview Content";
			sourceTree = "<group>";
		};
		90E0C4F5273C6498006275E0 /* View */ = {
			isa = PBXGroup;
			children = (
				90D6EB81274A4A7100CD12A2 /* Search */,
				90D6EB6E2749963700CD12A2 /* Item */,
				90D6EB5227491C9500CD12A2 /* Comment */,
				90D6EB402748FE7300CD12A2 /* Topic */,
				90D6EB2F2748244500CD12A2 /* UploadTopic */,
				90C7661F2746E6E500849C7D /* Profile */,
				90DDE7FE2742D7AF0026FD75 /* Authentication */,
				90E0C50A273C71ED006275E0 /* Header */,
				90E0C505273C6799006275E0 /* Menu */,
				90E0C502273C66EF006275E0 /* Messages */,
				90E0C4FF273C66C0006275E0 /* Notification */,
				90E0C4FC273C669F006275E0 /* Tag */,
				90E0C4F9273C6629006275E0 /* Feed */,
				90E0C4F6273C64AE006275E0 /* Main */,
			);
			path = View;
			sourceTree = "<group>";
		};
		90E0C4F6273C64AE006275E0 /* Main */ = {
			isa = PBXGroup;
			children = (
				90E0C4F7273C64BF006275E0 /* MainView.swift */,
			);
			path = Main;
			sourceTree = "<group>";
		};
		90E0C4F9273C6629006275E0 /* Feed */ = {
			isa = PBXGroup;
			children = (
				90E0C4FA273C665C006275E0 /* FeedView.swift */,
				90D6EB3C274848AA00CD12A2 /* FeedCell.swift */,
			);
			path = Feed;
			sourceTree = "<group>";
		};
		90E0C4FC273C669F006275E0 /* Tag */ = {
			isa = PBXGroup;
			children = (
				90E0C4FD273C66AC006275E0 /* TagView.swift */,
			);
			path = Tag;
			sourceTree = "<group>";
		};
		90E0C4FF273C66C0006275E0 /* Notification */ = {
			isa = PBXGroup;
			children = (
				90E0C500273C66CF006275E0 /* NotificationView.swift */,
				90E0C514273ED6CA006275E0 /* NotificationCell.swift */,
			);
			path = Notification;
			sourceTree = "<group>";
		};
		90E0C502273C66EF006275E0 /* Messages */ = {
			isa = PBXGroup;
			children = (
				90E0C503273C678E006275E0 /* MessagesView.swift */,
				90E0C516273ED8A6006275E0 /* MessageCell.swift */,
				90D6EB612749884800CD12A2 /* UploadMessageView.swift */,
				90D6EB6A274995B100CD12A2 /* MessageChatView.swift */,
				90D6EB6C274995E900CD12A2 /* MessageRowView.swift */,
				90D6EB712749983100CD12A2 /* MessageInputView.swift */,
			);
			path = Messages;
			sourceTree = "<group>";
		};
		90E0C505273C6799006275E0 /* Menu */ = {
			isa = PBXGroup;
			children = (
				90E0C506273C67FE006275E0 /* MenuView.swift */,
			);
			path = Menu;
			sourceTree = "<group>";
		};
		90E0C50A273C71ED006275E0 /* Header */ = {
			isa = PBXGroup;
			children = (
				90E0C50B273C71FD006275E0 /* HeaderView.swift */,
			);
			path = Header;
			sourceTree = "<group>";
		};
		90E0C50D273ECCE3006275E0 /* Utils */ = {
			isa = PBXGroup;
			children = (
				90E0C50E273ECCFA006275E0 /* Extensions.swift */,
				90DDE8052742DAD90026FD75 /* CustomTextField.swift */,
				90DDE8072742DB2D0026FD75 /* CustomSecureField.swift */,
				90DDE8092742E1EE0026FD75 /* NavigationBarModifier.swift */,
				90C766262746ED2600849C7D /* TabBarButton.swift */,
				90C766282746ED7800849C7D /* CustomTopTabBar.swift */,
				90C7662A2746EDF000849C7D /* EdgeBorder.swift */,
				90C7662C2746FB3C00849C7D /* NavigationBarHidden.swift */,
				90D6EB272748103900CD12A2 /* ImagePicker.swift */,
			);
			path = Utils;
			sourceTree = "<group>";
		};
/* End PBXGroup section */

/* Begin PBXNativeTarget section */
		90E0C4E3273C6466006275E0 /* Pantip-Clone */ = {
			isa = PBXNativeTarget;
			buildConfigurationList = 90E0C4F2273C6467006275E0 /* Build configuration list for PBXNativeTarget "Pantip-Clone" */;
			buildPhases = (
				90E0C4E0273C6466006275E0 /* Sources */,
				90E0C4E1273C6466006275E0 /* Frameworks */,
				90E0C4E2273C6466006275E0 /* Resources */,
			);
			buildRules = (
			);
			dependencies = (
			);
			name = "Pantip-Clone";
			packageProductDependencies = (
				90D3810F2740571400EDB04C /* FirebaseAuth */,
				90D381112740571400EDB04C /* FirebaseDatabase */,
				90D381132740571400EDB04C /* FirebaseFirestore */,
				90D381152740571400EDB04C /* FirebaseFirestoreSwift-Beta */,
				90D381172740571400EDB04C /* FirebaseStorage */,
				90D381192740571400EDB04C /* FirebaseStorageSwift-Beta */,
				90D3811C27405E9600EDB04C /* Kingfisher */,
			);
			productName = "Pantip-Clone";
			productReference = 90E0C4E4273C6466006275E0 /* Pantip-Clone.app */;
			productType = "com.apple.product-type.application";
		};
/* End PBXNativeTarget section */

/* Begin PBXProject section */
		90E0C4DC273C6466006275E0 /* Project object */ = {
			isa = PBXProject;
			attributes = {
				BuildIndependentTargetsInParallel = 1;
				LastSwiftUpdateCheck = 1310;
				LastUpgradeCheck = 1310;
				TargetAttributes = {
					90E0C4E3273C6466006275E0 = {
						CreatedOnToolsVersion = 13.1;
					};
				};
			};
			buildConfigurationList = 90E0C4DF273C6466006275E0 /* Build configuration list for PBXProject "Pantip-Clone" */;
			compatibilityVersion = "Xcode 13.0";
			developmentRegion = en;
			hasScannedForEncodings = 0;
			knownRegions = (
				en,
				Base,
			);
			mainGroup = 90E0C4DB273C6466006275E0;
			packageReferences = (
				90D3810E2740571400EDB04C /* XCRemoteSwiftPackageReference "firebase-ios-sdk" */,
				90D3811B27405E9600EDB04C /* XCRemoteSwiftPackageReference "Kingfisher" */,
			);
			productRefGroup = 90E0C4E5273C6466006275E0 /* Products */;
			projectDirPath = "";
			projectRoot = "";
			targets = (
				90E0C4E3273C6466006275E0 /* Pantip-Clone */,
			);
		};
/* End PBXProject section */

/* Begin PBXResourcesBuildPhase section */
		90E0C4E2273C6466006275E0 /* Resources */ = {
			isa = PBXResourcesBuildPhase;
			buildActionMask = 2147483647;
			files = (
				90E0C4EF273C6467006275E0 /* Preview Assets.xcassets in Resources */,
				90E0C4EC273C6467006275E0 /* Assets.xcassets in Resources */,
				90DDE8122742F2C10026FD75 /* GoogleService-Info.plist in Resources */,
			);
			runOnlyForDeploymentPostprocessing = 0;
		};
/* End PBXResourcesBuildPhase section */

/* Begin PBXSourcesBuildPhase section */
		90E0C4E0273C6466006275E0 /* Sources */ = {
			isa = PBXSourcesBuildPhase;
			buildActionMask = 2147483647;
			files = (
				90D6EB80274A49E900CD12A2 /* SearchViewModel.swift in Sources */,
				90D6EB3B2748480700CD12A2 /* FeedViewModel.swift in Sources */,
				90D6EB4F2749135A00CD12A2 /* Comment.swift in Sources */,
				90C766252746EC0800849C7D /* AnswerTopicListView.swift in Sources */,
				90D6EB312748245A00CD12A2 /* UploadTopicView.swift in Sources */,
				90E0C4FB273C665C006275E0 /* FeedView.swift in Sources */,
				90D6EB2D27481C9800CD12A2 /* UploadTopicViewModel.swift in Sources */,
				90D6EB8B274A88A500CD12A2 /* CountCommentViewModel.swift in Sources */,
				90C7662D2746FB3D00849C7D /* NavigationBarHidden.swift in Sources */,
				90D6EB702749965100CD12A2 /* MessageBubble.swift in Sources */,
				90D6EB4B2749125300CD12A2 /* ReplyCommentViewModel.swift in Sources */,
				90DDE8082742DB2D0026FD75 /* CustomSecureField.swift in Sources */,
				90D6EB87274A4B5A00CD12A2 /* TopicListCell.swift in Sources */,
				90D6EB2427480E1000CD12A2 /* ImageUploader.swift in Sources */,
				90C766272746ED2600849C7D /* TabBarButton.swift in Sources */,
				90D6EB722749983100CD12A2 /* MessageInputView.swift in Sources */,
				90E0C50C273C71FD006275E0 /* HeaderView.swift in Sources */,
				90D6EB5E2749713800CD12A2 /* ReplyCommentCell.swift in Sources */,
				90D6EB3527483A0E00CD12A2 /* SelectTagView.swift in Sources */,
				90D6EB7D2749B7C400CD12A2 /* NotificationsCellViewModel.swift in Sources */,
				90D6EB92274AE21100CD12A2 /* CommentInputBox.swift in Sources */,
				90DDE8002742D7E20026FD75 /* SigninView.swift in Sources */,
				90D6EB602749745400CD12A2 /* ReplyCommentView.swift in Sources */,
				90DDE8042742D8450026FD75 /* ForgotPasswordView.swift in Sources */,
				90E0C507273C67FE006275E0 /* MenuView.swift in Sources */,
				90D6EB6527498A8600CD12A2 /* MessagesViewModel.swift in Sources */,
				90D6EB3D274848AA00CD12A2 /* FeedCell.swift in Sources */,
				90E0C4FE273C66AC006275E0 /* TagView.swift in Sources */,
				90E0C515273ED6CA006275E0 /* NotificationCell.swift in Sources */,
				90D6EB83274A4A8C00CD12A2 /* SearchView.swift in Sources */,
				90D6EB2627480E8F00CD12A2 /* ProfileViewModel.swift in Sources */,
				90D6EB5A274921CB00CD12A2 /* CommentInputView.swift in Sources */,
				90D6EB422748FE8800CD12A2 /* TopicView.swift in Sources */,
				90D6EB442748FED800CD12A2 /* TopicCell.swift in Sources */,
				90D6EB282748103900CD12A2 /* ImagePicker.swift in Sources */,
				90D6EB51274919B300CD12A2 /* ReplyComment.swift in Sources */,
				90D6EB3827483DDE00CD12A2 /* Topic.swift in Sources */,
				90E0C4EA273C6466006275E0 /* ContentView.swift in Sources */,
				90DDE8062742DAD90026FD75 /* CustomTextField.swift in Sources */,
				90DDE8102742E6070026FD75 /* User.swift in Sources */,
				90D6EB6B274995B100CD12A2 /* MessageChatView.swift in Sources */,
				90D6EB332748247000CD12A2 /* SelectTopicTypeView.swift in Sources */,
				90D6EB6D274995E900CD12A2 /* MessageRowView.swift in Sources */,
				90D6EB90274A8BE000CD12A2 /* TagViewModel.swift in Sources */,
				90D6EB85274A4B4E00CD12A2 /* TopicListView.swift in Sources */,
				90C766232746EBD900849C7D /* OwnTopicListView.swift in Sources */,
				90D6EB782749B6A800CD12A2 /* Notification.swift in Sources */,
				90DDE80A2742E1EE0026FD75 /* NavigationBarModifier.swift in Sources */,
				90D6EB3F2748496F00CD12A2 /* FeedCellViewModel.swift in Sources */,
				90D6EB7B2749B7B200CD12A2 /* NotificationsViewModel.swift in Sources */,
				90E0C50F273ECCFA006275E0 /* Extensions.swift in Sources */,
				90D6EB5C27496B0E00CD12A2 /* ReplyInputView.swift in Sources */,
				90D6EB622749884800CD12A2 /* UploadMessageView.swift in Sources */,
				90C766292746ED7800849C7D /* CustomTopTabBar.swift in Sources */,
				90D6EB8D274A8BA700CD12A2 /* Tag.swift in Sources */,
				90D6EB5627491DC500CD12A2 /* CommentCellViewModel.swift in Sources */,
				90D6EB462749113B00CD12A2 /* CommentCell.swift in Sources */,
				90E0C4F8273C64BF006275E0 /* MainView.swift in Sources */,
				90E0C504273C678E006275E0 /* MessagesView.swift in Sources */,
				90D6EB89274A737800CD12A2 /* UserMessageViewModel.swift in Sources */,
				90E0C4E8273C6466006275E0 /* Pantip_CloneApp.swift in Sources */,
				90D6EB6727498A9B00CD12A2 /* Message.swift in Sources */,
				90C766212746E6F800849C7D /* ProfileView.swift in Sources */,
				90C7662B2746EDF000849C7D /* EdgeBorder.swift in Sources */,
				90D6EB5427491CCF00CD12A2 /* CommentView.swift in Sources */,
				90DDE80D2742E5670026FD75 /* AuthViewModel.swift in Sources */,
				90D6EB742749A01900CD12A2 /* ProfileButtonView.swift in Sources */,
				90D6EB5827491F3600CD12A2 /* ReplyCellViewModel.swift in Sources */,
				90D6EB492749123D00CD12A2 /* CommentsViewModel.swift in Sources */,
				90DDE8022742D7F80026FD75 /* RegisterView.swift in Sources */,
				90E0C501273C66CF006275E0 /* NotificationView.swift in Sources */,
				90E0C517273ED8A6006275E0 /* MessageCell.swift in Sources */,
			);
			runOnlyForDeploymentPostprocessing = 0;
		};
/* End PBXSourcesBuildPhase section */

/* Begin XCBuildConfiguration section */
		90E0C4F0273C6467006275E0 /* Debug */ = {
			isa = XCBuildConfiguration;
			buildSettings = {
				ALWAYS_SEARCH_USER_PATHS = NO;
				CLANG_ANALYZER_NONNULL = YES;
				CLANG_ANALYZER_NUMBER_OBJECT_CONVERSION = YES_AGGRESSIVE;
				CLANG_CXX_LANGUAGE_STANDARD = "gnu++17";
				CLANG_CXX_LIBRARY = "libc++";
				CLANG_ENABLE_MODULES = YES;
				CLANG_ENABLE_OBJC_ARC = YES;
				CLANG_ENABLE_OBJC_WEAK = YES;
				CLANG_WARN_BLOCK_CAPTURE_AUTORELEASING = YES;
				CLANG_WARN_BOOL_CONVERSION = YES;
				CLANG_WARN_COMMA = YES;
				CLANG_WARN_CONSTANT_CONVERSION = YES;
				CLANG_WARN_DEPRECATED_OBJC_IMPLEMENTATIONS = YES;
				CLANG_WARN_DIRECT_OBJC_ISA_USAGE = YES_ERROR;
				CLANG_WARN_DOCUMENTATION_COMMENTS = YES;
				CLANG_WARN_EMPTY_BODY = YES;
				CLANG_WARN_ENUM_CONVERSION = YES;
				CLANG_WARN_INFINITE_RECURSION = YES;
				CLANG_WARN_INT_CONVERSION = YES;
				CLANG_WARN_NON_LITERAL_NULL_CONVERSION = YES;
				CLANG_WARN_OBJC_IMPLICIT_RETAIN_SELF = YES;
				CLANG_WARN_OBJC_LITERAL_CONVERSION = YES;
				CLANG_WARN_OBJC_ROOT_CLASS = YES_ERROR;
				CLANG_WARN_QUOTED_INCLUDE_IN_FRAMEWORK_HEADER = YES;
				CLANG_WARN_RANGE_LOOP_ANALYSIS = YES;
				CLANG_WARN_STRICT_PROTOTYPES = YES;
				CLANG_WARN_SUSPICIOUS_MOVE = YES;
				CLANG_WARN_UNGUARDED_AVAILABILITY = YES_AGGRESSIVE;
				CLANG_WARN_UNREACHABLE_CODE = YES;
				CLANG_WARN__DUPLICATE_METHOD_MATCH = YES;
				COPY_PHASE_STRIP = NO;
				DEBUG_INFORMATION_FORMAT = dwarf;
				ENABLE_STRICT_OBJC_MSGSEND = YES;
				ENABLE_TESTABILITY = YES;
				GCC_C_LANGUAGE_STANDARD = gnu11;
				GCC_DYNAMIC_NO_PIC = NO;
				GCC_NO_COMMON_BLOCKS = YES;
				GCC_OPTIMIZATION_LEVEL = 0;
				GCC_PREPROCESSOR_DEFINITIONS = (
					"DEBUG=1",
					"$(inherited)",
				);
				GCC_WARN_64_TO_32_BIT_CONVERSION = YES;
				GCC_WARN_ABOUT_RETURN_TYPE = YES_ERROR;
				GCC_WARN_UNDECLARED_SELECTOR = YES;
				GCC_WARN_UNINITIALIZED_AUTOS = YES_AGGRESSIVE;
				GCC_WARN_UNUSED_FUNCTION = YES;
				GCC_WARN_UNUSED_VARIABLE = YES;
				IPHONEOS_DEPLOYMENT_TARGET = 15.0;
				MTL_ENABLE_DEBUG_INFO = INCLUDE_SOURCE;
				MTL_FAST_MATH = YES;
				ONLY_ACTIVE_ARCH = YES;
				SDKROOT = iphoneos;
				SWIFT_ACTIVE_COMPILATION_CONDITIONS = DEBUG;
				SWIFT_OPTIMIZATION_LEVEL = "-Onone";
			};
			name = Debug;
		};
		90E0C4F1273C6467006275E0 /* Release */ = {
			isa = XCBuildConfiguration;
			buildSettings = {
				ALWAYS_SEARCH_USER_PATHS = NO;
				CLANG_ANALYZER_NONNULL = YES;
				CLANG_ANALYZER_NUMBER_OBJECT_CONVERSION = YES_AGGRESSIVE;
				CLANG_CXX_LANGUAGE_STANDARD = "gnu++17";
				CLANG_CXX_LIBRARY = "libc++";
				CLANG_ENABLE_MODULES = YES;
				CLANG_ENABLE_OBJC_ARC = YES;
				CLANG_ENABLE_OBJC_WEAK = YES;
				CLANG_WARN_BLOCK_CAPTURE_AUTORELEASING = YES;
				CLANG_WARN_BOOL_CONVERSION = YES;
				CLANG_WARN_COMMA = YES;
				CLANG_WARN_CONSTANT_CONVERSION = YES;
				CLANG_WARN_DEPRECATED_OBJC_IMPLEMENTATIONS = YES;
				CLANG_WARN_DIRECT_OBJC_ISA_USAGE = YES_ERROR;
				CLANG_WARN_DOCUMENTATION_COMMENTS = YES;
				CLANG_WARN_EMPTY_BODY = YES;
				CLANG_WARN_ENUM_CONVERSION = YES;
				CLANG_WARN_INFINITE_RECURSION = YES;
				CLANG_WARN_INT_CONVERSION = YES;
				CLANG_WARN_NON_LITERAL_NULL_CONVERSION = YES;
				CLANG_WARN_OBJC_IMPLICIT_RETAIN_SELF = YES;
				CLANG_WARN_OBJC_LITERAL_CONVERSION = YES;
				CLANG_WARN_OBJC_ROOT_CLASS = YES_ERROR;
				CLANG_WARN_QUOTED_INCLUDE_IN_FRAMEWORK_HEADER = YES;
				CLANG_WARN_RANGE_LOOP_ANALYSIS = YES;
				CLANG_WARN_STRICT_PROTOTYPES = YES;
				CLANG_WARN_SUSPICIOUS_MOVE = YES;
				CLANG_WARN_UNGUARDED_AVAILABILITY = YES_AGGRESSIVE;
				CLANG_WARN_UNREACHABLE_CODE = YES;
				CLANG_WARN__DUPLICATE_METHOD_MATCH = YES;
				COPY_PHASE_STRIP = NO;
				DEBUG_INFORMATION_FORMAT = "dwarf-with-dsym";
				ENABLE_NS_ASSERTIONS = NO;
				ENABLE_STRICT_OBJC_MSGSEND = YES;
				GCC_C_LANGUAGE_STANDARD = gnu11;
				GCC_NO_COMMON_BLOCKS = YES;
				GCC_WARN_64_TO_32_BIT_CONVERSION = YES;
				GCC_WARN_ABOUT_RETURN_TYPE = YES_ERROR;
				GCC_WARN_UNDECLARED_SELECTOR = YES;
				GCC_WARN_UNINITIALIZED_AUTOS = YES_AGGRESSIVE;
				GCC_WARN_UNUSED_FUNCTION = YES;
				GCC_WARN_UNUSED_VARIABLE = YES;
				IPHONEOS_DEPLOYMENT_TARGET = 15.0;
				MTL_ENABLE_DEBUG_INFO = NO;
				MTL_FAST_MATH = YES;
				SDKROOT = iphoneos;
				SWIFT_COMPILATION_MODE = wholemodule;
				SWIFT_OPTIMIZATION_LEVEL = "-O";
				VALIDATE_PRODUCT = YES;
			};
			name = Release;
		};
		90E0C4F3273C6467006275E0 /* Debug */ = {
			isa = XCBuildConfiguration;
			buildSettings = {
				ASSETCATALOG_COMPILER_APPICON_NAME = AppIcon;
				ASSETCATALOG_COMPILER_GLOBAL_ACCENT_COLOR_NAME = AccentColor;
				CODE_SIGN_STYLE = Automatic;
				CURRENT_PROJECT_VERSION = 1;
				DEVELOPMENT_ASSET_PATHS = "\"Pantip-Clone/Preview Content\"";
				DEVELOPMENT_TEAM = "";
				ENABLE_PREVIEWS = YES;
				GENERATE_INFOPLIST_FILE = YES;
				INFOPLIST_KEY_UIApplicationSceneManifest_Generation = YES;
				INFOPLIST_KEY_UIApplicationSupportsIndirectInputEvents = YES;
				INFOPLIST_KEY_UILaunchScreen_Generation = YES;
				INFOPLIST_KEY_UISupportedInterfaceOrientations_iPad = "UIInterfaceOrientationPortrait UIInterfaceOrientationPortraitUpsideDown UIInterfaceOrientationLandscapeLeft UIInterfaceOrientationLandscapeRight";
				INFOPLIST_KEY_UISupportedInterfaceOrientations_iPhone = "UIInterfaceOrientationPortrait UIInterfaceOrientationLandscapeLeft UIInterfaceOrientationLandscapeRight";
				LD_RUNPATH_SEARCH_PATHS = (
					"$(inherited)",
					"@executable_path/Frameworks",
				);
				MARKETING_VERSION = 1.0;
				PRODUCT_BUNDLE_IDENTIFIER = "tu.ac.student.6110613152.Pantip-Clone";
				PRODUCT_NAME = "$(TARGET_NAME)";
				SWIFT_EMIT_LOC_STRINGS = YES;
				SWIFT_VERSION = 5.0;
				TARGETED_DEVICE_FAMILY = "1,2";
			};
			name = Debug;
		};
		90E0C4F4273C6467006275E0 /* Release */ = {
			isa = XCBuildConfiguration;
			buildSettings = {
				ASSETCATALOG_COMPILER_APPICON_NAME = AppIcon;
				ASSETCATALOG_COMPILER_GLOBAL_ACCENT_COLOR_NAME = AccentColor;
				CODE_SIGN_STYLE = Automatic;
				CURRENT_PROJECT_VERSION = 1;
				DEVELOPMENT_ASSET_PATHS = "\"Pantip-Clone/Preview Content\"";
				DEVELOPMENT_TEAM = "";
				ENABLE_PREVIEWS = YES;
				GENERATE_INFOPLIST_FILE = YES;
				INFOPLIST_KEY_UIApplicationSceneManifest_Generation = YES;
				INFOPLIST_KEY_UIApplicationSupportsIndirectInputEvents = YES;
				INFOPLIST_KEY_UILaunchScreen_Generation = YES;
				INFOPLIST_KEY_UISupportedInterfaceOrientations_iPad = "UIInterfaceOrientationPortrait UIInterfaceOrientationPortraitUpsideDown UIInterfaceOrientationLandscapeLeft UIInterfaceOrientationLandscapeRight";
				INFOPLIST_KEY_UISupportedInterfaceOrientations_iPhone = "UIInterfaceOrientationPortrait UIInterfaceOrientationLandscapeLeft UIInterfaceOrientationLandscapeRight";
				LD_RUNPATH_SEARCH_PATHS = (
					"$(inherited)",
					"@executable_path/Frameworks",
				);
				MARKETING_VERSION = 1.0;
				PRODUCT_BUNDLE_IDENTIFIER = "tu.ac.student.6110613152.Pantip-Clone";
				PRODUCT_NAME = "$(TARGET_NAME)";
				SWIFT_EMIT_LOC_STRINGS = YES;
				SWIFT_VERSION = 5.0;
				TARGETED_DEVICE_FAMILY = "1,2";
			};
			name = Release;
		};
/* End XCBuildConfiguration section */

/* Begin XCConfigurationList section */
		90E0C4DF273C6466006275E0 /* Build configuration list for PBXProject "Pantip-Clone" */ = {
			isa = XCConfigurationList;
			buildConfigurations = (
				90E0C4F0273C6467006275E0 /* Debug */,
				90E0C4F1273C6467006275E0 /* Release */,
			);
			defaultConfigurationIsVisible = 0;
			defaultConfigurationName = Release;
		};
		90E0C4F2273C6467006275E0 /* Build configuration list for PBXNativeTarget "Pantip-Clone" */ = {
			isa = XCConfigurationList;
			buildConfigurations = (
				90E0C4F3273C6467006275E0 /* Debug */,
				90E0C4F4273C6467006275E0 /* Release */,
			);
			defaultConfigurationIsVisible = 0;
			defaultConfigurationName = Release;
		};
/* End XCConfigurationList section */

/* Begin XCRemoteSwiftPackageReference section */
		90D3810E2740571400EDB04C /* XCRemoteSwiftPackageReference "firebase-ios-sdk" */ = {
			isa = XCRemoteSwiftPackageReference;
			repositoryURL = "https://github.com/firebase/firebase-ios-sdk.git";
			requirement = {
				kind = upToNextMajorVersion;
				minimumVersion = 8.9.1;
			};
		};
		90D3811B27405E9600EDB04C /* XCRemoteSwiftPackageReference "Kingfisher" */ = {
			isa = XCRemoteSwiftPackageReference;
			repositoryURL = "https://github.com/onevcat/Kingfisher.git";
			requirement = {
				kind = upToNextMajorVersion;
				minimumVersion = 7.1.0;
			};
		};
/* End XCRemoteSwiftPackageReference section */

/* Begin XCSwiftPackageProductDependency section */
		90D3810F2740571400EDB04C /* FirebaseAuth */ = {
			isa = XCSwiftPackageProductDependency;
			package = 90D3810E2740571400EDB04C /* XCRemoteSwiftPackageReference "firebase-ios-sdk" */;
			productName = FirebaseAuth;
		};
		90D381112740571400EDB04C /* FirebaseDatabase */ = {
			isa = XCSwiftPackageProductDependency;
			package = 90D3810E2740571400EDB04C /* XCRemoteSwiftPackageReference "firebase-ios-sdk" */;
			productName = FirebaseDatabase;
		};
		90D381132740571400EDB04C /* FirebaseFirestore */ = {
			isa = XCSwiftPackageProductDependency;
			package = 90D3810E2740571400EDB04C /* XCRemoteSwiftPackageReference "firebase-ios-sdk" */;
			productName = FirebaseFirestore;
		};
		90D381152740571400EDB04C /* FirebaseFirestoreSwift-Beta */ = {
			isa = XCSwiftPackageProductDependency;
			package = 90D3810E2740571400EDB04C /* XCRemoteSwiftPackageReference "firebase-ios-sdk" */;
			productName = "FirebaseFirestoreSwift-Beta";
		};
		90D381172740571400EDB04C /* FirebaseStorage */ = {
			isa = XCSwiftPackageProductDependency;
			package = 90D3810E2740571400EDB04C /* XCRemoteSwiftPackageReference "firebase-ios-sdk" */;
			productName = FirebaseStorage;
		};
		90D381192740571400EDB04C /* FirebaseStorageSwift-Beta */ = {
			isa = XCSwiftPackageProductDependency;
			package = 90D3810E2740571400EDB04C /* XCRemoteSwiftPackageReference "firebase-ios-sdk" */;
			productName = "FirebaseStorageSwift-Beta";
		};
		90D3811C27405E9600EDB04C /* Kingfisher */ = {
			isa = XCSwiftPackageProductDependency;
			package = 90D3811B27405E9600EDB04C /* XCRemoteSwiftPackageReference "Kingfisher" */;
			productName = Kingfisher;
		};
/* End XCSwiftPackageProductDependency section */
	};
	rootObject = 90E0C4DC273C6466006275E0 /* Project object */;
}
